Microsoft Visual Studio Solution File, Format Version 12.00
# Visual Studio Version 17
VisualStudioVersion = 17.13.35818.85
MinimumVisualStudioVersion = 10.0.40219.1
Project("{FAE04EC0-301F-11D3-BF4B-00C04F79EFBC}") = "tp_modul_05", "tp_modul_05\tp_modul_05.csproj", "{CD030E80-B012-4908-9754-AC632EB34EB4}"
EndProject
Global
	GlobalSection(SolutionConfigurationPlatforms) = preSolution
		Debug|Any CPU = Debug|Any CPU
		Release|Any CPU = Release|Any CPU
	EndGlobalSection
	GlobalSection(ProjectConfigurationPlatforms) = postSolution
		{CD030E80-B012-4908-9754-AC632EB34EB4}.Debug|Any CPU.ActiveCfg = Debug|Any CPU
		{CD030E80-B012-4908-9754-AC632EB34EB4}.Debug|Any CPU.Build.0 = Debug|Any CPU
		{CD030E80-B012-4908-9754-AC632EB34EB4}.Release|Any CPU.ActiveCfg = Release|Any CPU
		{CD030E80-B012-4908-9754-AC632EB34EB4}.Release|Any CPU.Build.0 = Release|Any CPU
	EndGlobalSection
	GlobalSection(SolutionProperties) = preSolution
		HideSolutionNode = FALSE
	EndGlobalSection
	GlobalSection(ExtensibilityGlobals) = postSolution
		SolutionGuid = {51CEE10B-BA94-4F23-B429-CA1143B262EE}
	EndGlobalSection
EndGlobal
